
Microsoft Visual Studio Solution File, Format Version 12.00
# Visual Studio 15
VisualStudioVersion = 15.0.27130.2026
MinimumVisualStudioVersion = 10.0.40219.1
Project("{FAE04EC0-301F-11D3-BF4B-00C04F79EFBC}") = "PopcornExport", "PopcornExport\PopcornExport.csproj", "{5DDDCE6D-FFF1-46DF-84F9-00523ACCD22D}"
EndProject
Project("{FAE04EC0-301F-11D3-BF4B-00C04F79EFBC}") = "Popcorn.OSDB", "Popcorn.OSDB\Popcorn.OSDB.csproj", "{49C78F88-912B-49A2-935D-B9AEBE07011A}"
EndProject
Global
	GlobalSection(SolutionConfigurationPlatforms) = preSolution
		Debug|Any CPU = Debug|Any CPU
		Debug|x86 = Debug|x86
		Release|Any CPU = Release|Any CPU
		Release|x86 = Release|x86
	EndGlobalSection
	GlobalSection(ProjectConfigurationPlatforms) = postSolution
		{5DDDCE6D-FFF1-46DF-84F9-00523ACCD22D}.Debug|Any CPU.ActiveCfg = Debug|Any CPU
		{5DDDCE6D-FFF1-46DF-84F9-00523ACCD22D}.Debug|Any CPU.Build.0 = Debug|Any CPU
		{5DDDCE6D-FFF1-46DF-84F9-00523ACCD22D}.Debug|x86.ActiveCfg = Debug|Any CPU
		{5DDDCE6D-FFF1-46DF-84F9-00523ACCD22D}.Debug|x86.Build.0 = Debug|Any CPU
		{5DDDCE6D-FFF1-46DF-84F9-00523ACCD22D}.Release|Any CPU.ActiveCfg = Release|Any CPU
		{5DDDCE6D-FFF1-46DF-84F9-00523ACCD22D}.Release|Any CPU.Build.0 = Release|Any CPU
		{5DDDCE6D-FFF1-46DF-84F9-00523ACCD22D}.Release|x86.ActiveCfg = Release|Any CPU
		{5DDDCE6D-FFF1-46DF-84F9-00523ACCD22D}.Release|x86.Build.0 = Release|Any CPU
		{49C78F88-912B-49A2-935D-B9AEBE07011A}.Debug|Any CPU.ActiveCfg = Debug|Any CPU
		{49C78F88-912B-49A2-935D-B9AEBE07011A}.Debug|Any CPU.Build.0 = Debug|Any CPU
		{49C78F88-912B-49A2-935D-B9AEBE07011A}.Debug|x86.ActiveCfg = Debug|Any CPU
		{49C78F88-912B-49A2-935D-B9AEBE07011A}.Debug|x86.Build.0 = Debug|Any CPU
		{49C78F88-912B-49A2-935D-B9AEBE07011A}.Release|Any CPU.ActiveCfg = Release|Any CPU
		{49C78F88-912B-49A2-935D-B9AEBE07011A}.Release|Any CPU.Build.0 = Release|Any CPU
		{49C78F88-912B-49A2-935D-B9AEBE07011A}.Release|x86.ActiveCfg = Release|Any CPU
		{49C78F88-912B-49A2-935D-B9AEBE07011A}.Release|x86.Build.0 = Release|Any CPU
	EndGlobalSection
	GlobalSection(SolutionProperties) = preSolution
		HideSolutionNode = FALSE
	EndGlobalSection
	GlobalSection(ExtensibilityGlobals) = postSolution
		SolutionGuid = {0F779275-0D1E-4946-AA39-04B42FAB4500}
	EndGlobalSection
EndGlobal
